<?xml version="1.0" encoding="utf-8"?>
<Project ToolsVersion="4.0" xmlns="http://schemas.microsoft.com/developer/msbuild/2003">
  <ItemGroup>
    <Filter Include="Scene">
      <UniqueIdentifier>{6ff7d317-2ed0-4dc1-be7e-dc5bf717c61d}</UniqueIdentifier>
    </Filter>
    <Filter Include="Script">
      <UniqueIdentifier>{c98c25d8-e19d-4b40-a6e7-9cacf1359713}</UniqueIdentifier>
    </Filter>
    <Filter Include="Object">
      <UniqueIdentifier>{f1d451e0-e9b9-4710-83bf-550efe3e2ce1}</UniqueIdentifier>
    </Filter>
  </ItemGroup>
  <ItemGroup>
    <ClInclude Include="LoadScene.h">
      <Filter>Scene</Filter>
    </ClInclude>
    <ClInclude Include="ysPlayScene.h">
      <Filter>Scene</Filter>
    </ClInclude>
    <ClInclude Include="ysTitleScene.h">
      <Filter>Scene</Filter>
    </ClInclude>
    <ClInclude Include="ysLoadResources.h" />
    <ClInclude Include="ysPlayerScript.h">
      <Filter>Script</Filter>
    </ClInclude>
    <ClInclude Include="ysBackGroundScript.h">
      <Filter>Script</Filter>
    </ClInclude>
    <ClInclude Include="ysEnemyScript.h">
      <Filter>Script</Filter>
    </ClInclude>
    <ClInclude Include="BulletScript.h">
      <Filter>Script</Filter>
    </ClInclude>
    <ClInclude Include="BlockScript.h">
      <Filter>Script</Filter>
    </ClInclude>
    <ClInclude Include="CameraScript.h">
      <Filter>Script</Filter>
    </ClInclude>
    <ClInclude Include="STAGE1.h">
      <Filter>Scene</Filter>
    </ClInclude>
    <ClInclude Include="drawBoxScript.h">
      <Filter>Script</Filter>
    </ClInclude>
    <ClInclude Include="PlayerLowerBodyScript.h">
      <Filter>Script</Filter>
    </ClInclude>
    <ClInclude Include="GrenadeScript.h">
      <Filter>Script</Filter>
    </ClInclude>
    <ClInclude Include="ysPlayer.h">
      <Filter>Object</Filter>
    </ClInclude>
    <ClInclude Include="BossScene.h">
      <Filter>Scene</Filter>
    </ClInclude>
    <ClInclude Include="WallScript.h">
      <Filter>Script</Filter>
    </ClInclude>
  </ItemGroup>
  <ItemGroup>
    <ClCompile Include="ysPlayScene.cpp">
      <Filter>Scene</Filter>
    </ClCompile>
    <ClCompile Include="ysTitleScene.cpp">
      <Filter>Scene</Filter>
    </ClCompile>
    <ClCompile Include="ysPlayerScript.cpp">
      <Filter>Script</Filter>
    </ClCompile>
    <ClCompile Include="ysBackGroundScript.cpp">
      <Filter>Script</Filter>
    </ClCompile>
    <ClCompile Include="ysEnemyScript.cpp">
      <Filter>Script</Filter>
    </ClCompile>
    <ClCompile Include="BulletScript.cpp">
      <Filter>Script</Filter>
    </ClCompile>
    <ClCompile Include="BlockScript.cpp">
      <Filter>Script</Filter>
    </ClCompile>
    <ClCompile Include="CameraScript.cpp">
      <Filter>Script</Filter>
    </ClCompile>
    <ClCompile Include="STAGE1.cpp">
      <Filter>Scene</Filter>
    </ClCompile>
    <ClCompile Include="drawBoxScript.cpp">
      <Filter>Script</Filter>
    </ClCompile>
    <ClCompile Include="PlayerLowerBodyScript.cpp">
      <Filter>Script</Filter>
    </ClCompile>
    <ClCompile Include="GrenadeScript.cpp">
      <Filter>Script</Filter>
    </ClCompile>
    <ClCompile Include="ysPlayer.cpp">
      <Filter>Object</Filter>
    </ClCompile>
    <ClCompile Include="BossScene.cpp">
      <Filter>Scene</Filter>
    </ClCompile>
    <ClCompile Include="WallScript.cpp">
      <Filter>Script</Filter>
    </ClCompile>
  </ItemGroup>
</Project>