<?xml version="1.0" encoding="utf-8"?>
<Project ToolsVersion="4.0" xmlns="http://schemas.microsoft.com/developer/msbuild/2003">
  <ItemGroup>
    <Filter Include="Scene">
      <UniqueIdentifier>{6ff7d317-2ed0-4dc1-be7e-dc5bf717c61d}</UniqueIdentifier>
    </Filter>
  </ItemGroup>
  <ItemGroup>
    <ClInclude Include="LoadScene.h">
      <Filter>Scene</Filter>
    </ClInclude>
    <ClInclude Include="ysPlayer.h" />
    <ClInclude Include="ysPlayScene.h">
      <Filter>Scene</Filter>
    </ClInclude>
    <ClInclude Include="ysTitleScene.h">
      <Filter>Scene</Filter>
    </ClInclude>
    <ClInclude Include="ysLoadResources.h" />
  </ItemGroup>
  <ItemGroup>
    <ClCompile Include="ysPlayer.cpp" />
    <ClCompile Include="ysPlayScene.cpp">
      <Filter>Scene</Filter>
    </ClCompile>
    <ClCompile Include="ysTitleScene.cpp">
      <Filter>Scene</Filter>
    </ClCompile>
  </ItemGroup>
</Project>